
Microsoft Visual Studio Solution File, Format Version 12.00
# Visual Studio Version 17
VisualStudioVersion = 17.0.31903.59
MinimumVisualStudioVersion = 10.0.40219.1
Project("{2150E333-8FDC-42A3-9474-1A3956D46DE8}") = "src", "src", "{827E0CD3-B72D-47B6-A68D-7590B98EB39B}"
EndProject
Project("{2150E333-8FDC-42A3-9474-1A3956D46DE8}") = "foundation", "foundation", "{BA75AF53-CF4E-08D7-75A7-26BAA4FD6433}"
EndProject
Project("{FAE04EC0-301F-11D3-BF4B-00C04F79EFBC}") = "ZL.Shared", "src\foundation\ZL.Shared\ZL.Shared.csproj", "{C8473B92-2203-476F-A510-49841758D559}"
EndProject
Project("{FAE04EC0-301F-11D3-BF4B-00C04F79EFBC}") = "ZL.Framing", "src\foundation\ZL.Framing\ZL.Framing.csproj", "{E292EDC7-8CE0-4A43-89E5-CCABF0D03D91}"
EndProject
Project("{FAE04EC0-301F-11D3-BF4B-00C04F79EFBC}") = "ZL.Script", "src\foundation\ZL.Script\ZL.Script.csproj", "{09514986-E236-4066-A229-60DC5EE69262}"
EndProject
Project("{FAE04EC0-301F-11D3-BF4B-00C04F79EFBC}") = "ZL.ConnectionGuard", "src\foundation\ZL.ConnectionGuard\ZL.ConnectionGuard.csproj", "{151BC597-20F6-4D29-8498-A81B39D51BFB}"
EndProject
Project("{FAE04EC0-301F-11D3-BF4B-00C04F79EFBC}") = "ZL.DataProcessing", "src\foundation\ZL.DataProcessing\ZL.DataProcessing.csproj", "{8BF386B3-D170-4412-87B2-C593A3B334A2}"
EndProject
Project("{FAE04EC0-301F-11D3-BF4B-00C04F79EFBC}") = "ZL.Connection", "src\foundation\ZL.Connection\ZL.Connection.csproj", "{9E3CBAA5-C986-4E41-973F-B491645CD40B}"
EndProject
Project("{FAE04EC0-301F-11D3-BF4B-00C04F79EFBC}") = "ZL.Collections", "src\foundation\ZL.Collections\ZL.Collections.csproj", "{A1F2D83E-7B94-4C5E-8D61-3E2A9F10C47B}"
EndProject
Project("{2150E333-8FDC-42A3-9474-1A3956D46DE8}") = "platform", "platform", "{4DF80442-A1E5-CC28-AE7B-27B5F9BFE52B}"
EndProject
Project("{FAE04EC0-301F-11D3-BF4B-00C04F79EFBC}") = "ZL.DataConvert", "src\platform\ZL.DataConvert\ZL.DataConvert.csproj", "{D8CEB803-8634-4845-84BC-37100602A4C3}"
EndProject
Project("{FAE04EC0-301F-11D3-BF4B-00C04F79EFBC}") = "ZL.Iot.Interface", "src\platform\ZL.Iot.Interface\ZL.Iot.Interface.csproj", "{37D24C4E-E7DB-4946-A2B3-D264E07E71F5}"
EndProject
Project("{FAE04EC0-301F-11D3-BF4B-00C04F79EFBC}") = "ZL.DB.Acc", "src\platform\ZL.DB.Acc\ZL.DB.Acc.csproj", "{9247FED5-D976-4442-A240-75489C832CA0}"
EndProject
Project("{2150E333-8FDC-42A3-9474-1A3956D46DE8}") = "domain", "domain", "{8B290487-4C16-E85E-E807-F579CBE9FC4D}"
EndProject
Project("{FAE04EC0-301F-11D3-BF4B-00C04F79EFBC}") = "ZL.Dao.IotDevice", "src\domain\ZL.Dao.IotDevice\ZL.Dao.IotDevice.csproj", "{225B81A1-77AE-47A6-B682-D0D8EA3C9133}"
EndProject
Project("{FAE04EC0-301F-11D3-BF4B-00C04F79EFBC}") = "ZL.Dao.Edge", "src\domain\ZL.Dao.Edge\ZL.Dao.Edge.csproj", "{52857F50-FE0F-4649-A7BF-6A67D2AD9BCC}"
EndProject
Project("{FAE04EC0-301F-11D3-BF4B-00C04F79EFBC}") = "ZL.Biz.Execute", "src\domain\ZL.Biz.Execute\ZL.Biz.Execute.csproj", "{DA531E31-1273-4FD4-890C-56865FE6AB96}"
EndProject
Project("{2150E333-8FDC-42A3-9474-1A3956D46DE8}") = "application", "application", "{22BAF98C-8415-17C4-B26A-D537657BC863}"
EndProject
Project("{FAE04EC0-301F-11D3-BF4B-00C04F79EFBC}") = "ZL.EdgeService", "src\application\ZL.EdgeService\ZL.EdgeService.csproj", "{9F03EB26-D5B8-4D62-A3D2-3F5CBC901268}"
EndProject
Project("{FAE04EC0-301F-11D3-BF4B-00C04F79EFBC}") = "ZL.Iot.Plugin", "src\application\ZL.Iot.Plugin\ZL.Iot.Plugin.csproj", "{B1CE7E75-DAD8-498D-B900-F951565E109D}"
EndProject
Project("{FAE04EC0-301F-11D3-BF4B-00C04F79EFBC}") = "ZL.Iot.Runner", "src\application\ZL.Iot.Runner\ZL.Iot.Runner.csproj", "{7AB55885-A307-42AC-A532-B5318F685216}"
EndProject
Project("{FAE04EC0-301F-11D3-BF4B-00C04F79EFBC}") = "ZL.Iot.Runner.Generator", "src\application\ZL.Iot.Runner.Generator\ZL.Iot.Runner.Generator.csproj", "{6DEDDB1A-24C9-4002-B743-B4CA8AF8E717}"
EndProject
Project("{2150E333-8FDC-42A3-9474-1A3956D46DE8}") = "app", "app", "{547E75E0-49BC-27F6-65D6-DF25CFFB661A}"
EndProject
Project("{FAE04EC0-301F-11D3-BF4B-00C04F79EFBC}") = "ZL.Iot.Runner.Cli", "src\app\ZL.Iot.Runner.Cli\ZL.Iot.Runner.Cli.csproj", "{556632A5-22EC-4BBD-B4E9-15C4531B37CD}"
EndProject
Project("{2150E333-8FDC-42A3-9474-1A3956D46DE8}") = "tests", "tests", "{0AB3BF05-4346-4AA6-1389-037BE0695223}"
EndProject
Project("{FAE04EC0-301F-11D3-BF4B-00C04F79EFBC}") = "ZL.Biz.Execute.Tests", "tests\ZL.Biz.Execute.Tests\ZL.Biz.Execute.Tests.csproj", "{1F1EC791-14D6-4074-89C4-8F5829DDEAE3}"
EndProject
Project("{FAE04EC0-301F-11D3-BF4B-00C04F79EFBC}") = "ZL.EdgeService.Tests", "tests\ZL.EdgeService.Tests\ZL.EdgeService.Tests.csproj", "{28204A8C-C73A-476A-A32D-21A60D9257DD}"
EndProject
Project("{FAE04EC0-301F-11D3-BF4B-00C04F79EFBC}") = "ZL.Iot.Runner.Tests", "tests\ZL.Iot.Runner.Tests\ZL.Iot.Runner.Tests.csproj", "{B66B1868-23F7-4AA6-A104-6E81CCE2CFC8}"
EndProject
Project("{FAE04EC0-301F-11D3-BF4B-00C04F79EFBC}") = "ZL.Iot.Runner.Generator.Tests", "tests\ZL.Iot.Runner.Generator.Tests\ZL.Iot.Runner.Generator.Tests.csproj", "{D524F3CF-BAF9-41D6-B60B-ED3C6D9ECAFB}"
EndProject
Project("{FAE04EC0-301F-11D3-BF4B-00C04F79EFBC}") = "ZL.Watchdog", "src\platform\ZL.Watchdog\ZL.Watchdog.csproj", "{051BEA83-3A56-4334-9828-FD7D6FF2F788}"
EndProject
Project("{FAE04EC0-301F-11D3-BF4B-00C04F79EFBC}") = "ZL.Watchdog.Tests", "tests\ZL.Watchdog.Tests\ZL.Watchdog.Tests.csproj", "{784E1A8C-392F-459A-A2C4-C52F38A06445}"
EndProject
Project("{FAE04EC0-301F-11D3-BF4B-00C04F79EFBC}") = "ZL.Connection.Tests", "tests\ZL.Connection.Tests\ZL.Connection.Tests.csproj", "{18C0ADA6-E51C-4E9C-B5EF-941AC50487E1}"
EndProject
Project("{FAE04EC0-301F-11D3-BF4B-00C04F79EFBC}") = "ZL.Probing", "src\foundation\ZL.Probing\ZL.Probing.csproj", "{047BB9C2-4B83-4C4B-8B12-91A6E436FE5A}"
EndProject
Project("{FAE04EC0-301F-11D3-BF4B-00C04F79EFBC}") = "ZL.Protocol", "src\foundation\ZL.Protocol\ZL.Protocol.csproj", "{A8123CAE-FA09-4167-9C66-DF3CFA5F9357}"
EndProject
Project("{FAE04EC0-301F-11D3-BF4B-00C04F79EFBC}") = "ZL.Scripting", "src\foundation\ZL.Scripting\ZL.Scripting.csproj", "{78637F1F-1FAA-478F-85FF-5A72471ED6A9}"
EndProject
Project("{FAE04EC0-301F-11D3-BF4B-00C04F79EFBC}") = "ZL.ProtocolGateway", "src\platform\ZL.ProtocolGateway\ZL.ProtocolGateway.csproj", "{A29BC725-1F5C-4C13-B52A-7272548D95B2}"
EndProject
Project("{FAE04EC0-301F-11D3-BF4B-00C04F79EFBC}") = "ZL.ProtocolGateway.Scripting", "src\platform\ZL.ProtocolGateway.Scripting\ZL.ProtocolGateway.Scripting.csproj", "{35C90181-AB2A-4EA3-ABEC-C6C0DF8792AB}"
EndProject
Project("{FAE04EC0-301F-11D3-BF4B-00C04F79EFBC}") = "ZL.DataSync", "src\application\ZL.DataSync\ZL.DataSync.csproj", "{37B7FE55-00E4-4527-B70D-A741DEC4F57A}"
EndProject
Global
	GlobalSection(SolutionConfigurationPlatforms) = preSolution
		Debug|Any CPU = Debug|Any CPU
		Debug|x64 = Debug|x64
		Debug|x86 = Debug|x86
		Release|Any CPU = Release|Any CPU
		Release|x64 = Release|x64
		Release|x86 = Release|x86
	EndGlobalSection
	GlobalSection(ProjectConfigurationPlatforms) = postSolution
		{C8473B92-2203-476F-A510-49841758D559}.Debug|Any CPU.ActiveCfg = Debug|Any CPU
		{C8473B92-2203-476F-A510-49841758D559}.Debug|Any CPU.Build.0 = Debug|Any CPU
		{C8473B92-2203-476F-A510-49841758D559}.Debug|x64.ActiveCfg = Debug|Any CPU
		{C8473B92-2203-476F-A510-49841758D559}.Debug|x64.Build.0 = Debug|Any CPU
		{C8473B92-2203-476F-A510-49841758D559}.Debug|x86.ActiveCfg = Debug|Any CPU
		{C8473B92-2203-476F-A510-49841758D559}.Debug|x86.Build.0 = Debug|Any CPU
		{C8473B92-2203-476F-A510-49841758D559}.Release|Any CPU.ActiveCfg = Release|Any CPU
		{C8473B92-2203-476F-A510-49841758D559}.Release|Any CPU.Build.0 = Release|Any CPU
		{C8473B92-2203-476F-A510-49841758D559}.Release|x64.ActiveCfg = Release|Any CPU
		{C8473B92-2203-476F-A510-49841758D559}.Release|x64.Build.0 = Release|Any CPU
		{C8473B92-2203-476F-A510-49841758D559}.Release|x86.ActiveCfg = Release|Any CPU
		{C8473B92-2203-476F-A510-49841758D559}.Release|x86.Build.0 = Release|Any CPU
		{E292EDC7-8CE0-4A43-89E5-CCABF0D03D91}.Debug|Any CPU.ActiveCfg = Debug|Any CPU
		{E292EDC7-8CE0-4A43-89E5-CCABF0D03D91}.Debug|Any CPU.Build.0 = Debug|Any CPU
		{E292EDC7-8CE0-4A43-89E5-CCABF0D03D91}.Debug|x64.ActiveCfg = Debug|Any CPU
		{E292EDC7-8CE0-4A43-89E5-CCABF0D03D91}.Debug|x64.Build.0 = Debug|Any CPU
		{E292EDC7-8CE0-4A43-89E5-CCABF0D03D91}.Debug|x86.ActiveCfg = Debug|Any CPU
		{E292EDC7-8CE0-4A43-89E5-CCABF0D03D91}.Debug|x86.Build.0 = Debug|Any CPU
		{E292EDC7-8CE0-4A43-89E5-CCABF0D03D91}.Release|Any CPU.ActiveCfg = Release|Any CPU
		{E292EDC7-8CE0-4A43-89E5-CCABF0D03D91}.Release|Any CPU.Build.0 = Release|Any CPU
		{E292EDC7-8CE0-4A43-89E5-CCABF0D03D91}.Release|x64.ActiveCfg = Release|Any CPU
		{E292EDC7-8CE0-4A43-89E5-CCABF0D03D91}.Release|x64.Build.0 = Release|Any CPU
		{E292EDC7-8CE0-4A43-89E5-CCABF0D03D91}.Release|x86.ActiveCfg = Release|Any CPU
		{E292EDC7-8CE0-4A43-89E5-CCABF0D03D91}.Release|x86.Build.0 = Release|Any CPU
		{09514986-E236-4066-A229-60DC5EE69262}.Debug|Any CPU.ActiveCfg = Debug|Any CPU
		{09514986-E236-4066-A229-60DC5EE69262}.Debug|Any CPU.Build.0 = Debug|Any CPU
		{09514986-E236-4066-A229-60DC5EE69262}.Debug|x64.ActiveCfg = Debug|Any CPU
		{09514986-E236-4066-A229-60DC5EE69262}.Debug|x64.Build.0 = Debug|Any CPU
		{09514986-E236-4066-A229-60DC5EE69262}.Debug|x86.ActiveCfg = Debug|Any CPU
		{09514986-E236-4066-A229-60DC5EE69262}.Debug|x86.Build.0 = Debug|Any CPU
		{09514986-E236-4066-A229-60DC5EE69262}.Release|Any CPU.ActiveCfg = Release|Any CPU
		{09514986-E236-4066-A229-60DC5EE69262}.Release|Any CPU.Build.0 = Release|Any CPU
		{09514986-E236-4066-A229-60DC5EE69262}.Release|x64.ActiveCfg = Release|Any CPU
		{09514986-E236-4066-A229-60DC5EE69262}.Release|x64.Build.0 = Release|Any CPU
		{09514986-E236-4066-A229-60DC5EE69262}.Release|x86.ActiveCfg = Release|Any CPU
		{09514986-E236-4066-A229-60DC5EE69262}.Release|x86.Build.0 = Release|Any CPU
		{151BC597-20F6-4D29-8498-A81B39D51BFB}.Debug|Any CPU.ActiveCfg = Debug|Any CPU
		{151BC597-20F6-4D29-8498-A81B39D51BFB}.Debug|Any CPU.Build.0 = Debug|Any CPU
		{151BC597-20F6-4D29-8498-A81B39D51BFB}.Debug|x64.ActiveCfg = Debug|Any CPU
		{151BC597-20F6-4D29-8498-A81B39D51BFB}.Debug|x64.Build.0 = Debug|Any CPU
		{151BC597-20F6-4D29-8498-A81B39D51BFB}.Debug|x86.ActiveCfg = Debug|Any CPU
		{151BC597-20F6-4D29-8498-A81B39D51BFB}.Debug|x86.Build.0 = Debug|Any CPU
		{151BC597-20F6-4D29-8498-A81B39D51BFB}.Release|Any CPU.ActiveCfg = Release|Any CPU
		{151BC597-20F6-4D29-8498-A81B39D51BFB}.Release|Any CPU.Build.0 = Release|Any CPU
		{151BC597-20F6-4D29-8498-A81B39D51BFB}.Release|x64.ActiveCfg = Release|Any CPU
		{151BC597-20F6-4D29-8498-A81B39D51BFB}.Release|x64.Build.0 = Release|Any CPU
		{151BC597-20F6-4D29-8498-A81B39D51BFB}.Release|x86.ActiveCfg = Release|Any CPU
		{151BC597-20F6-4D29-8498-A81B39D51BFB}.Release|x86.Build.0 = Release|Any CPU
		{8BF386B3-D170-4412-87B2-C593A3B334A2}.Debug|Any CPU.ActiveCfg = Debug|Any CPU
		{8BF386B3-D170-4412-87B2-C593A3B334A2}.Debug|Any CPU.Build.0 = Debug|Any CPU
		{8BF386B3-D170-4412-87B2-C593A3B334A2}.Debug|x64.ActiveCfg = Debug|Any CPU
		{8BF386B3-D170-4412-87B2-C593A3B334A2}.Debug|x64.Build.0 = Debug|Any CPU
		{8BF386B3-D170-4412-87B2-C593A3B334A2}.Debug|x86.ActiveCfg = Debug|Any CPU
		{8BF386B3-D170-4412-87B2-C593A3B334A2}.Debug|x86.Build.0 = Debug|Any CPU
		{8BF386B3-D170-4412-87B2-C593A3B334A2}.Release|Any CPU.ActiveCfg = Release|Any CPU
		{8BF386B3-D170-4412-87B2-C593A3B334A2}.Release|Any CPU.Build.0 = Release|Any CPU
		{8BF386B3-D170-4412-87B2-C593A3B334A2}.Release|x64.ActiveCfg = Release|Any CPU
		{8BF386B3-D170-4412-87B2-C593A3B334A2}.Release|x64.Build.0 = Release|Any CPU
		{8BF386B3-D170-4412-87B2-C593A3B334A2}.Release|x86.ActiveCfg = Release|Any CPU
		{8BF386B3-D170-4412-87B2-C593A3B334A2}.Release|x86.Build.0 = Release|Any CPU
		{9E3CBAA5-C986-4E41-973F-B491645CD40B}.Debug|Any CPU.ActiveCfg = Debug|Any CPU
		{9E3CBAA5-C986-4E41-973F-B491645CD40B}.Debug|Any CPU.Build.0 = Debug|Any CPU
		{9E3CBAA5-C986-4E41-973F-B491645CD40B}.Debug|x64.ActiveCfg = Debug|Any CPU
		{9E3CBAA5-C986-4E41-973F-B491645CD40B}.Debug|x64.Build.0 = Debug|Any CPU
		{9E3CBAA5-C986-4E41-973F-B491645CD40B}.Debug|x86.ActiveCfg = Debug|Any CPU
		{9E3CBAA5-C986-4E41-973F-B491645CD40B}.Debug|x86.Build.0 = Debug|Any CPU
		{9E3CBAA5-C986-4E41-973F-B491645CD40B}.Release|Any CPU.ActiveCfg = Release|Any CPU
		{9E3CBAA5-C986-4E41-973F-B491645CD40B}.Release|Any CPU.Build.0 = Release|Any CPU
		{9E3CBAA5-C986-4E41-973F-B491645CD40B}.Release|x64.ActiveCfg = Release|Any CPU
		{9E3CBAA5-C986-4E41-973F-B491645CD40B}.Release|x64.Build.0 = Release|Any CPU
		{9E3CBAA5-C986-4E41-973F-B491645CD40B}.Release|x86.ActiveCfg = Release|Any CPU
		{9E3CBAA5-C986-4E41-973F-B491645CD40B}.Release|x86.Build.0 = Release|Any CPU
		{D8CEB803-8634-4845-84BC-37100602A4C3}.Debug|Any CPU.ActiveCfg = Debug|Any CPU
		{D8CEB803-8634-4845-84BC-37100602A4C3}.Debug|Any CPU.Build.0 = Debug|Any CPU
		{D8CEB803-8634-4845-84BC-37100602A4C3}.Debug|x64.ActiveCfg = Debug|Any CPU
		{D8CEB803-8634-4845-84BC-37100602A4C3}.Debug|x64.Build.0 = Debug|Any CPU
		{D8CEB803-8634-4845-84BC-37100602A4C3}.Debug|x86.ActiveCfg = Debug|Any CPU
		{D8CEB803-8634-4845-84BC-37100602A4C3}.Debug|x86.Build.0 = Debug|Any CPU
		{D8CEB803-8634-4845-84BC-37100602A4C3}.Release|Any CPU.ActiveCfg = Release|Any CPU
		{D8CEB803-8634-4845-84BC-37100602A4C3}.Release|Any CPU.Build.0 = Release|Any CPU
		{D8CEB803-8634-4845-84BC-37100602A4C3}.Release|x64.ActiveCfg = Release|Any CPU
		{D8CEB803-8634-4845-84BC-37100602A4C3}.Release|x64.Build.0 = Release|Any CPU
		{D8CEB803-8634-4845-84BC-37100602A4C3}.Release|x86.ActiveCfg = Release|Any CPU
		{D8CEB803-8634-4845-84BC-37100602A4C3}.Release|x86.Build.0 = Release|Any CPU
		{37D24C4E-E7DB-4946-A2B3-D264E07E71F5}.Debug|Any CPU.ActiveCfg = Debug|Any CPU
		{37D24C4E-E7DB-4946-A2B3-D264E07E71F5}.Debug|Any CPU.Build.0 = Debug|Any CPU
		{37D24C4E-E7DB-4946-A2B3-D264E07E71F5}.Debug|x64.ActiveCfg = Debug|Any CPU
		{37D24C4E-E7DB-4946-A2B3-D264E07E71F5}.Debug|x64.Build.0 = Debug|Any CPU
		{37D24C4E-E7DB-4946-A2B3-D264E07E71F5}.Debug|x86.ActiveCfg = Debug|Any CPU
		{37D24C4E-E7DB-4946-A2B3-D264E07E71F5}.Debug|x86.Build.0 = Debug|Any CPU
		{37D24C4E-E7DB-4946-A2B3-D264E07E71F5}.Release|Any CPU.ActiveCfg = Release|Any CPU
		{37D24C4E-E7DB-4946-A2B3-D264E07E71F5}.Release|Any CPU.Build.0 = Release|Any CPU
		{37D24C4E-E7DB-4946-A2B3-D264E07E71F5}.Release|x64.ActiveCfg = Release|Any CPU
		{37D24C4E-E7DB-4946-A2B3-D264E07E71F5}.Release|x64.Build.0 = Release|Any CPU
		{37D24C4E-E7DB-4946-A2B3-D264E07E71F5}.Release|x86.ActiveCfg = Release|Any CPU
		{37D24C4E-E7DB-4946-A2B3-D264E07E71F5}.Release|x86.Build.0 = Release|Any CPU
		{9247FED5-D976-4442-A240-75489C832CA0}.Debug|Any CPU.ActiveCfg = Debug|Any CPU
		{9247FED5-D976-4442-A240-75489C832CA0}.Debug|Any CPU.Build.0 = Debug|Any CPU
		{9247FED5-D976-4442-A240-75489C832CA0}.Debug|x64.ActiveCfg = Debug|Any CPU
		{9247FED5-D976-4442-A240-75489C832CA0}.Debug|x64.Build.0 = Debug|Any CPU
		{9247FED5-D976-4442-A240-75489C832CA0}.Debug|x86.ActiveCfg = Debug|Any CPU
		{9247FED5-D976-4442-A240-75489C832CA0}.Debug|x86.Build.0 = Debug|Any CPU
		{9247FED5-D976-4442-A240-75489C832CA0}.Release|Any CPU.ActiveCfg = Release|Any CPU
		{9247FED5-D976-4442-A240-75489C832CA0}.Release|Any CPU.Build.0 = Release|Any CPU
		{9247FED5-D976-4442-A240-75489C832CA0}.Release|x64.ActiveCfg = Release|Any CPU
		{9247FED5-D976-4442-A240-75489C832CA0}.Release|x64.Build.0 = Release|Any CPU
		{9247FED5-D976-4442-A240-75489C832CA0}.Release|x86.ActiveCfg = Release|Any CPU
		{9247FED5-D976-4442-A240-75489C832CA0}.Release|x86.Build.0 = Release|Any CPU
		{225B81A1-77AE-47A6-B682-D0D8EA3C9133}.Debug|Any CPU.ActiveCfg = Debug|Any CPU
		{225B81A1-77AE-47A6-B682-D0D8EA3C9133}.Debug|Any CPU.Build.0 = Debug|Any CPU
		{225B81A1-77AE-47A6-B682-D0D8EA3C9133}.Debug|x64.ActiveCfg = Debug|Any CPU
		{225B81A1-77AE-47A6-B682-D0D8EA3C9133}.Debug|x64.Build.0 = Debug|Any CPU
		{225B81A1-77AE-47A6-B682-D0D8EA3C9133}.Debug|x86.ActiveCfg = Debug|Any CPU
		{225B81A1-77AE-47A6-B682-D0D8EA3C9133}.Debug|x86.Build.0 = Debug|Any CPU
		{225B81A1-77AE-47A6-B682-D0D8EA3C9133}.Release|Any CPU.ActiveCfg = Release|Any CPU
		{225B81A1-77AE-47A6-B682-D0D8EA3C9133}.Release|Any CPU.Build.0 = Release|Any CPU
		{225B81A1-77AE-47A6-B682-D0D8EA3C9133}.Release|x64.ActiveCfg = Release|Any CPU
		{225B81A1-77AE-47A6-B682-D0D8EA3C9133}.Release|x64.Build.0 = Release|Any CPU
		{225B81A1-77AE-47A6-B682-D0D8EA3C9133}.Release|x86.ActiveCfg = Release|Any CPU
		{225B81A1-77AE-47A6-B682-D0D8EA3C9133}.Release|x86.Build.0 = Release|Any CPU
		{52857F50-FE0F-4649-A7BF-6A67D2AD9BCC}.Debug|Any CPU.ActiveCfg = Debug|Any CPU
		{52857F50-FE0F-4649-A7BF-6A67D2AD9BCC}.Debug|Any CPU.Build.0 = Debug|Any CPU
		{52857F50-FE0F-4649-A7BF-6A67D2AD9BCC}.Debug|x64.ActiveCfg = Debug|Any CPU
		{52857F50-FE0F-4649-A7BF-6A67D2AD9BCC}.Debug|x64.Build.0 = Debug|Any CPU
		{52857F50-FE0F-4649-A7BF-6A67D2AD9BCC}.Debug|x86.ActiveCfg = Debug|Any CPU
		{52857F50-FE0F-4649-A7BF-6A67D2AD9BCC}.Debug|x86.Build.0 = Debug|Any CPU
		{52857F50-FE0F-4649-A7BF-6A67D2AD9BCC}.Release|Any CPU.ActiveCfg = Release|Any CPU
		{52857F50-FE0F-4649-A7BF-6A67D2AD9BCC}.Release|Any CPU.Build.0 = Release|Any CPU
		{52857F50-FE0F-4649-A7BF-6A67D2AD9BCC}.Release|x64.ActiveCfg = Release|Any CPU
		{52857F50-FE0F-4649-A7BF-6A67D2AD9BCC}.Release|x64.Build.0 = Release|Any CPU
		{52857F50-FE0F-4649-A7BF-6A67D2AD9BCC}.Release|x86.ActiveCfg = Release|Any CPU
		{52857F50-FE0F-4649-A7BF-6A67D2AD9BCC}.Release|x86.Build.0 = Release|Any CPU
		{DA531E31-1273-4FD4-890C-56865FE6AB96}.Debug|Any CPU.ActiveCfg = Debug|Any CPU
		{DA531E31-1273-4FD4-890C-56865FE6AB96}.Debug|Any CPU.Build.0 = Debug|Any CPU
		{DA531E31-1273-4FD4-890C-56865FE6AB96}.Debug|x64.ActiveCfg = Debug|Any CPU
		{DA531E31-1273-4FD4-890C-56865FE6AB96}.Debug|x64.Build.0 = Debug|Any CPU
		{DA531E31-1273-4FD4-890C-56865FE6AB96}.Debug|x86.ActiveCfg = Debug|Any CPU
		{DA531E31-1273-4FD4-890C-56865FE6AB96}.Debug|x86.Build.0 = Debug|Any CPU
		{DA531E31-1273-4FD4-890C-56865FE6AB96}.Release|Any CPU.ActiveCfg = Release|Any CPU
		{DA531E31-1273-4FD4-890C-56865FE6AB96}.Release|Any CPU.Build.0 = Release|Any CPU
		{DA531E31-1273-4FD4-890C-56865FE6AB96}.Release|x64.ActiveCfg = Release|Any CPU
		{DA531E31-1273-4FD4-890C-56865FE6AB96}.Release|x64.Build.0 = Release|Any CPU
		{DA531E31-1273-4FD4-890C-56865FE6AB96}.Release|x86.ActiveCfg = Release|Any CPU
		{DA531E31-1273-4FD4-890C-56865FE6AB96}.Release|x86.Build.0 = Release|Any CPU
		{9F03EB26-D5B8-4D62-A3D2-3F5CBC901268}.Debug|Any CPU.ActiveCfg = Debug|Any CPU
		{9F03EB26-D5B8-4D62-A3D2-3F5CBC901268}.Debug|Any CPU.Build.0 = Debug|Any CPU
		{9F03EB26-D5B8-4D62-A3D2-3F5CBC901268}.Debug|x64.ActiveCfg = Debug|Any CPU
		{9F03EB26-D5B8-4D62-A3D2-3F5CBC901268}.Debug|x64.Build.0 = Debug|Any CPU
		{9F03EB26-D5B8-4D62-A3D2-3F5CBC901268}.Debug|x86.ActiveCfg = Debug|Any CPU
		{9F03EB26-D5B8-4D62-A3D2-3F5CBC901268}.Debug|x86.Build.0 = Debug|Any CPU
		{9F03EB26-D5B8-4D62-A3D2-3F5CBC901268}.Release|Any CPU.ActiveCfg = Release|Any CPU
		{9F03EB26-D5B8-4D62-A3D2-3F5CBC901268}.Release|Any CPU.Build.0 = Release|Any CPU
		{9F03EB26-D5B8-4D62-A3D2-3F5CBC901268}.Release|x64.ActiveCfg = Release|Any CPU
		{9F03EB26-D5B8-4D62-A3D2-3F5CBC901268}.Release|x64.Build.0 = Release|Any CPU
		{9F03EB26-D5B8-4D62-A3D2-3F5CBC901268}.Release|x86.ActiveCfg = Release|Any CPU
		{9F03EB26-D5B8-4D62-A3D2-3F5CBC901268}.Release|x86.Build.0 = Release|Any CPU
		{B1CE7E75-DAD8-498D-B900-F951565E109D}.Debug|Any CPU.ActiveCfg = Debug|Any CPU
		{B1CE7E75-DAD8-498D-B900-F951565E109D}.Debug|Any CPU.Build.0 = Debug|Any CPU
		{B1CE7E75-DAD8-498D-B900-F951565E109D}.Debug|x64.ActiveCfg = Debug|Any CPU
		{B1CE7E75-DAD8-498D-B900-F951565E109D}.Debug|x64.Build.0 = Debug|Any CPU
		{B1CE7E75-DAD8-498D-B900-F951565E109D}.Debug|x86.ActiveCfg = Debug|Any CPU
		{B1CE7E75-DAD8-498D-B900-F951565E109D}.Debug|x86.Build.0 = Debug|Any CPU
		{B1CE7E75-DAD8-498D-B900-F951565E109D}.Release|Any CPU.ActiveCfg = Release|Any CPU
		{B1CE7E75-DAD8-498D-B900-F951565E109D}.Release|Any CPU.Build.0 = Release|Any CPU
		{B1CE7E75-DAD8-498D-B900-F951565E109D}.Release|x64.ActiveCfg = Release|Any CPU
		{B1CE7E75-DAD8-498D-B900-F951565E109D}.Release|x64.Build.0 = Release|Any CPU
		{B1CE7E75-DAD8-498D-B900-F951565E109D}.Release|x86.ActiveCfg = Release|Any CPU
		{B1CE7E75-DAD8-498D-B900-F951565E109D}.Release|x86.Build.0 = Release|Any CPU
		{7AB55885-A307-42AC-A532-B5318F685216}.Debug|Any CPU.ActiveCfg = Debug|Any CPU
		{7AB55885-A307-42AC-A532-B5318F685216}.Debug|Any CPU.Build.0 = Debug|Any CPU
		{7AB55885-A307-42AC-A532-B5318F685216}.Debug|x64.ActiveCfg = Debug|Any CPU
		{7AB55885-A307-42AC-A532-B5318F685216}.Debug|x64.Build.0 = Debug|Any CPU
		{7AB55885-A307-42AC-A532-B5318F685216}.Debug|x86.ActiveCfg = Debug|Any CPU
		{7AB55885-A307-42AC-A532-B5318F685216}.Debug|x86.Build.0 = Debug|Any CPU
		{7AB55885-A307-42AC-A532-B5318F685216}.Release|Any CPU.ActiveCfg = Release|Any CPU
		{7AB55885-A307-42AC-A532-B5318F685216}.Release|Any CPU.Build.0 = Release|Any CPU
		{7AB55885-A307-42AC-A532-B5318F685216}.Release|x64.ActiveCfg = Release|Any CPU
		{7AB55885-A307-42AC-A532-B5318F685216}.Release|x64.Build.0 = Release|Any CPU
		{7AB55885-A307-42AC-A532-B5318F685216}.Release|x86.ActiveCfg = Release|Any CPU
		{7AB55885-A307-42AC-A532-B5318F685216}.Release|x86.Build.0 = Release|Any CPU
		{6DEDDB1A-24C9-4002-B743-B4CA8AF8E717}.Debug|Any CPU.ActiveCfg = Debug|Any CPU
		{6DEDDB1A-24C9-4002-B743-B4CA8AF8E717}.Debug|Any CPU.Build.0 = Debug|Any CPU
		{6DEDDB1A-24C9-4002-B743-B4CA8AF8E717}.Debug|x64.ActiveCfg = Debug|Any CPU
		{6DEDDB1A-24C9-4002-B743-B4CA8AF8E717}.Debug|x64.Build.0 = Debug|Any CPU
		{6DEDDB1A-24C9-4002-B743-B4CA8AF8E717}.Debug|x86.ActiveCfg = Debug|Any CPU
		{6DEDDB1A-24C9-4002-B743-B4CA8AF8E717}.Debug|x86.Build.0 = Debug|Any CPU
		{6DEDDB1A-24C9-4002-B743-B4CA8AF8E717}.Release|Any CPU.ActiveCfg = Release|Any CPU
		{6DEDDB1A-24C9-4002-B743-B4CA8AF8E717}.Release|Any CPU.Build.0 = Release|Any CPU
		{6DEDDB1A-24C9-4002-B743-B4CA8AF8E717}.Release|x64.ActiveCfg = Release|Any CPU
		{6DEDDB1A-24C9-4002-B743-B4CA8AF8E717}.Release|x64.Build.0 = Release|Any CPU
		{6DEDDB1A-24C9-4002-B743-B4CA8AF8E717}.Release|x86.ActiveCfg = Release|Any CPU
		{6DEDDB1A-24C9-4002-B743-B4CA8AF8E717}.Release|x86.Build.0 = Release|Any CPU
		{556632A5-22EC-4BBD-B4E9-15C4531B37CD}.Debug|Any CPU.ActiveCfg = Debug|Any CPU
		{556632A5-22EC-4BBD-B4E9-15C4531B37CD}.Debug|Any CPU.Build.0 = Debug|Any CPU
		{556632A5-22EC-4BBD-B4E9-15C4531B37CD}.Debug|x64.ActiveCfg = Debug|Any CPU
		{556632A5-22EC-4BBD-B4E9-15C4531B37CD}.Debug|x64.Build.0 = Debug|Any CPU
		{556632A5-22EC-4BBD-B4E9-15C4531B37CD}.Debug|x86.ActiveCfg = Debug|Any CPU
		{556632A5-22EC-4BBD-B4E9-15C4531B37CD}.Debug|x86.Build.0 = Debug|Any CPU
		{556632A5-22EC-4BBD-B4E9-15C4531B37CD}.Release|Any CPU.ActiveCfg = Release|Any CPU
		{556632A5-22EC-4BBD-B4E9-15C4531B37CD}.Release|Any CPU.Build.0 = Release|Any CPU
		{556632A5-22EC-4BBD-B4E9-15C4531B37CD}.Release|x64.ActiveCfg = Release|Any CPU
		{556632A5-22EC-4BBD-B4E9-15C4531B37CD}.Release|x64.Build.0 = Release|Any CPU
		{556632A5-22EC-4BBD-B4E9-15C4531B37CD}.Release|x86.ActiveCfg = Release|Any CPU
		{556632A5-22EC-4BBD-B4E9-15C4531B37CD}.Release|x86.Build.0 = Release|Any CPU
		{1F1EC791-14D6-4074-89C4-8F5829DDEAE3}.Debug|Any CPU.ActiveCfg = Debug|Any CPU
		{1F1EC791-14D6-4074-89C4-8F5829DDEAE3}.Debug|Any CPU.Build.0 = Debug|Any CPU
		{1F1EC791-14D6-4074-89C4-8F5829DDEAE3}.Debug|x64.ActiveCfg = Debug|Any CPU
		{1F1EC791-14D6-4074-89C4-8F5829DDEAE3}.Debug|x64.Build.0 = Debug|Any CPU
		{1F1EC791-14D6-4074-89C4-8F5829DDEAE3}.Debug|x86.ActiveCfg = Debug|Any CPU
		{1F1EC791-14D6-4074-89C4-8F5829DDEAE3}.Debug|x86.Build.0 = Debug|Any CPU
		{1F1EC791-14D6-4074-89C4-8F5829DDEAE3}.Release|Any CPU.ActiveCfg = Release|Any CPU
		{1F1EC791-14D6-4074-89C4-8F5829DDEAE3}.Release|Any CPU.Build.0 = Release|Any CPU
		{1F1EC791-14D6-4074-89C4-8F5829DDEAE3}.Release|x64.ActiveCfg = Release|Any CPU
		{1F1EC791-14D6-4074-89C4-8F5829DDEAE3}.Release|x64.Build.0 = Release|Any CPU
		{1F1EC791-14D6-4074-89C4-8F5829DDEAE3}.Release|x86.ActiveCfg = Release|Any CPU
		{1F1EC791-14D6-4074-89C4-8F5829DDEAE3}.Release|x86.Build.0 = Release|Any CPU
		{28204A8C-C73A-476A-A32D-21A60D9257DD}.Debug|Any CPU.ActiveCfg = Debug|Any CPU
		{28204A8C-C73A-476A-A32D-21A60D9257DD}.Debug|Any CPU.Build.0 = Debug|Any CPU
		{28204A8C-C73A-476A-A32D-21A60D9257DD}.Debug|x64.ActiveCfg = Debug|Any CPU
		{28204A8C-C73A-476A-A32D-21A60D9257DD}.Debug|x64.Build.0 = Debug|Any CPU
		{28204A8C-C73A-476A-A32D-21A60D9257DD}.Debug|x86.ActiveCfg = Debug|Any CPU
		{28204A8C-C73A-476A-A32D-21A60D9257DD}.Debug|x86.Build.0 = Debug|Any CPU
		{28204A8C-C73A-476A-A32D-21A60D9257DD}.Release|Any CPU.ActiveCfg = Release|Any CPU
		{28204A8C-C73A-476A-A32D-21A60D9257DD}.Release|Any CPU.Build.0 = Release|Any CPU
		{28204A8C-C73A-476A-A32D-21A60D9257DD}.Release|x64.ActiveCfg = Release|Any CPU
		{28204A8C-C73A-476A-A32D-21A60D9257DD}.Release|x64.Build.0 = Release|Any CPU
		{28204A8C-C73A-476A-A32D-21A60D9257DD}.Release|x86.ActiveCfg = Release|Any CPU
		{28204A8C-C73A-476A-A32D-21A60D9257DD}.Release|x86.Build.0 = Release|Any CPU
		{B66B1868-23F7-4AA6-A104-6E81CCE2CFC8}.Debug|Any CPU.ActiveCfg = Debug|Any CPU
		{B66B1868-23F7-4AA6-A104-6E81CCE2CFC8}.Debug|Any CPU.Build.0 = Debug|Any CPU
		{B66B1868-23F7-4AA6-A104-6E81CCE2CFC8}.Debug|x64.ActiveCfg = Debug|Any CPU
		{B66B1868-23F7-4AA6-A104-6E81CCE2CFC8}.Debug|x64.Build.0 = Debug|Any CPU
		{B66B1868-23F7-4AA6-A104-6E81CCE2CFC8}.Debug|x86.ActiveCfg = Debug|Any CPU
		{B66B1868-23F7-4AA6-A104-6E81CCE2CFC8}.Debug|x86.Build.0 = Debug|Any CPU
		{B66B1868-23F7-4AA6-A104-6E81CCE2CFC8}.Release|Any CPU.ActiveCfg = Release|Any CPU
		{B66B1868-23F7-4AA6-A104-6E81CCE2CFC8}.Release|Any CPU.Build.0 = Release|Any CPU
		{B66B1868-23F7-4AA6-A104-6E81CCE2CFC8}.Release|x64.ActiveCfg = Release|Any CPU
		{B66B1868-23F7-4AA6-A104-6E81CCE2CFC8}.Release|x64.Build.0 = Release|Any CPU
		{B66B1868-23F7-4AA6-A104-6E81CCE2CFC8}.Release|x86.ActiveCfg = Release|Any CPU
		{B66B1868-23F7-4AA6-A104-6E81CCE2CFC8}.Release|x86.Build.0 = Release|Any CPU
		{D524F3CF-BAF9-41D6-B60B-ED3C6D9ECAFB}.Debug|Any CPU.ActiveCfg = Debug|Any CPU
		{D524F3CF-BAF9-41D6-B60B-ED3C6D9ECAFB}.Debug|Any CPU.Build.0 = Debug|Any CPU
		{D524F3CF-BAF9-41D6-B60B-ED3C6D9ECAFB}.Debug|x64.ActiveCfg = Debug|Any CPU
		{D524F3CF-BAF9-41D6-B60B-ED3C6D9ECAFB}.Debug|x64.Build.0 = Debug|Any CPU
		{D524F3CF-BAF9-41D6-B60B-ED3C6D9ECAFB}.Debug|x86.ActiveCfg = Debug|Any CPU
		{D524F3CF-BAF9-41D6-B60B-ED3C6D9ECAFB}.Debug|x86.Build.0 = Debug|Any CPU
		{D524F3CF-BAF9-41D6-B60B-ED3C6D9ECAFB}.Release|Any CPU.ActiveCfg = Release|Any CPU
		{D524F3CF-BAF9-41D6-B60B-ED3C6D9ECAFB}.Release|Any CPU.Build.0 = Release|Any CPU
		{D524F3CF-BAF9-41D6-B60B-ED3C6D9ECAFB}.Release|x64.ActiveCfg = Release|Any CPU
		{D524F3CF-BAF9-41D6-B60B-ED3C6D9ECAFB}.Release|x64.Build.0 = Release|Any CPU
		{D524F3CF-BAF9-41D6-B60B-ED3C6D9ECAFB}.Release|x86.ActiveCfg = Release|Any CPU
		{D524F3CF-BAF9-41D6-B60B-ED3C6D9ECAFB}.Release|x86.Build.0 = Release|Any CPU
		{051BEA83-3A56-4334-9828-FD7D6FF2F788}.Debug|Any CPU.ActiveCfg = Debug|Any CPU
		{051BEA83-3A56-4334-9828-FD7D6FF2F788}.Debug|Any CPU.Build.0 = Debug|Any CPU
		{051BEA83-3A56-4334-9828-FD7D6FF2F788}.Debug|x64.ActiveCfg = Debug|Any CPU
		{051BEA83-3A56-4334-9828-FD7D6FF2F788}.Debug|x64.Build.0 = Debug|Any CPU
		{051BEA83-3A56-4334-9828-FD7D6FF2F788}.Debug|x86.ActiveCfg = Debug|Any CPU
		{051BEA83-3A56-4334-9828-FD7D6FF2F788}.Debug|x86.Build.0 = Debug|Any CPU
		{051BEA83-3A56-4334-9828-FD7D6FF2F788}.Release|Any CPU.ActiveCfg = Release|Any CPU
		{051BEA83-3A56-4334-9828-FD7D6FF2F788}.Release|Any CPU.Build.0 = Release|Any CPU
		{051BEA83-3A56-4334-9828-FD7D6FF2F788}.Release|x64.ActiveCfg = Release|Any CPU
		{051BEA83-3A56-4334-9828-FD7D6FF2F788}.Release|x64.Build.0 = Release|Any CPU
		{051BEA83-3A56-4334-9828-FD7D6FF2F788}.Release|x86.ActiveCfg = Release|Any CPU
		{051BEA83-3A56-4334-9828-FD7D6FF2F788}.Release|x86.Build.0 = Release|Any CPU
		{784E1A8C-392F-459A-A2C4-C52F38A06445}.Debug|Any CPU.ActiveCfg = Debug|Any CPU
		{784E1A8C-392F-459A-A2C4-C52F38A06445}.Debug|Any CPU.Build.0 = Debug|Any CPU
		{784E1A8C-392F-459A-A2C4-C52F38A06445}.Debug|x64.ActiveCfg = Debug|Any CPU
		{784E1A8C-392F-459A-A2C4-C52F38A06445}.Debug|x64.Build.0 = Debug|Any CPU
		{784E1A8C-392F-459A-A2C4-C52F38A06445}.Debug|x86.ActiveCfg = Debug|Any CPU
		{784E1A8C-392F-459A-A2C4-C52F38A06445}.Debug|x86.Build.0 = Debug|Any CPU
		{784E1A8C-392F-459A-A2C4-C52F38A06445}.Release|Any CPU.ActiveCfg = Release|Any CPU
		{784E1A8C-392F-459A-A2C4-C52F38A06445}.Release|Any CPU.Build.0 = Release|Any CPU
		{784E1A8C-392F-459A-A2C4-C52F38A06445}.Release|x64.ActiveCfg = Release|Any CPU
		{784E1A8C-392F-459A-A2C4-C52F38A06445}.Release|x64.Build.0 = Release|Any CPU
		{784E1A8C-392F-459A-A2C4-C52F38A06445}.Release|x86.ActiveCfg = Release|Any CPU
		{784E1A8C-392F-459A-A2C4-C52F38A06445}.Release|x86.Build.0 = Release|Any CPU
		{18C0ADA6-E51C-4E9C-B5EF-941AC50487E1}.Debug|Any CPU.ActiveCfg = Debug|Any CPU
		{18C0ADA6-E51C-4E9C-B5EF-941AC50487E1}.Debug|Any CPU.Build.0 = Debug|Any CPU
		{18C0ADA6-E51C-4E9C-B5EF-941AC50487E1}.Debug|x64.ActiveCfg = Debug|Any CPU
		{18C0ADA6-E51C-4E9C-B5EF-941AC50487E1}.Debug|x64.Build.0 = Debug|Any CPU
		{18C0ADA6-E51C-4E9C-B5EF-941AC50487E1}.Debug|x86.ActiveCfg = Debug|Any CPU
		{18C0ADA6-E51C-4E9C-B5EF-941AC50487E1}.Debug|x86.Build.0 = Debug|Any CPU
		{18C0ADA6-E51C-4E9C-B5EF-941AC50487E1}.Release|Any CPU.ActiveCfg = Release|Any CPU
		{18C0ADA6-E51C-4E9C-B5EF-941AC50487E1}.Release|Any CPU.Build.0 = Release|Any CPU
		{18C0ADA6-E51C-4E9C-B5EF-941AC50487E1}.Release|x64.ActiveCfg = Release|Any CPU
		{18C0ADA6-E51C-4E9C-B5EF-941AC50487E1}.Release|x64.Build.0 = Release|Any CPU
		{18C0ADA6-E51C-4E9C-B5EF-941AC50487E1}.Release|x86.ActiveCfg = Release|Any CPU
		{18C0ADA6-E51C-4E9C-B5EF-941AC50487E1}.Release|x86.Build.0 = Release|Any CPU
		{047BB9C2-4B83-4C4B-8B12-91A6E436FE5A}.Debug|Any CPU.ActiveCfg = Debug|Any CPU
		{047BB9C2-4B83-4C4B-8B12-91A6E436FE5A}.Debug|Any CPU.Build.0 = Debug|Any CPU
		{047BB9C2-4B83-4C4B-8B12-91A6E436FE5A}.Debug|x64.ActiveCfg = Debug|Any CPU
		{047BB9C2-4B83-4C4B-8B12-91A6E436FE5A}.Debug|x64.Build.0 = Debug|Any CPU
		{047BB9C2-4B83-4C4B-8B12-91A6E436FE5A}.Debug|x86.ActiveCfg = Debug|Any CPU
		{047BB9C2-4B83-4C4B-8B12-91A6E436FE5A}.Debug|x86.Build.0 = Debug|Any CPU
		{047BB9C2-4B83-4C4B-8B12-91A6E436FE5A}.Release|Any CPU.ActiveCfg = Release|Any CPU
		{047BB9C2-4B83-4C4B-8B12-91A6E436FE5A}.Release|Any CPU.Build.0 = Release|Any CPU
		{047BB9C2-4B83-4C4B-8B12-91A6E436FE5A}.Release|x64.ActiveCfg = Release|Any CPU
		{047BB9C2-4B83-4C4B-8B12-91A6E436FE5A}.Release|x64.Build.0 = Release|Any CPU
		{047BB9C2-4B83-4C4B-8B12-91A6E436FE5A}.Release|x86.ActiveCfg = Release|Any CPU
		{047BB9C2-4B83-4C4B-8B12-91A6E436FE5A}.Release|x86.Build.0 = Release|Any CPU
		{A8123CAE-FA09-4167-9C66-DF3CFA5F9357}.Debug|Any CPU.ActiveCfg = Debug|Any CPU
		{A8123CAE-FA09-4167-9C66-DF3CFA5F9357}.Debug|Any CPU.Build.0 = Debug|Any CPU
		{A8123CAE-FA09-4167-9C66-DF3CFA5F9357}.Debug|x64.ActiveCfg = Debug|Any CPU
		{A8123CAE-FA09-4167-9C66-DF3CFA5F9357}.Debug|x64.Build.0 = Debug|Any CPU
		{A8123CAE-FA09-4167-9C66-DF3CFA5F9357}.Debug|x86.ActiveCfg = Debug|Any CPU
		{A8123CAE-FA09-4167-9C66-DF3CFA5F9357}.Debug|x86.Build.0 = Debug|Any CPU
		{A8123CAE-FA09-4167-9C66-DF3CFA5F9357}.Release|Any CPU.ActiveCfg = Release|Any CPU
		{A8123CAE-FA09-4167-9C66-DF3CFA5F9357}.Release|Any CPU.Build.0 = Release|Any CPU
		{A8123CAE-FA09-4167-9C66-DF3CFA5F9357}.Release|x64.ActiveCfg = Release|Any CPU
		{A8123CAE-FA09-4167-9C66-DF3CFA5F9357}.Release|x64.Build.0 = Release|Any CPU
		{A8123CAE-FA09-4167-9C66-DF3CFA5F9357}.Release|x86.ActiveCfg = Release|Any CPU
		{A8123CAE-FA09-4167-9C66-DF3CFA5F9357}.Release|x86.Build.0 = Release|Any CPU
		{78637F1F-1FAA-478F-85FF-5A72471ED6A9}.Debug|Any CPU.ActiveCfg = Debug|Any CPU
		{78637F1F-1FAA-478F-85FF-5A72471ED6A9}.Debug|Any CPU.Build.0 = Debug|Any CPU
		{78637F1F-1FAA-478F-85FF-5A72471ED6A9}.Debug|x64.ActiveCfg = Debug|Any CPU
		{78637F1F-1FAA-478F-85FF-5A72471ED6A9}.Debug|x64.Build.0 = Debug|Any CPU
		{78637F1F-1FAA-478F-85FF-5A72471ED6A9}.Debug|x86.ActiveCfg = Debug|Any CPU
		{78637F1F-1FAA-478F-85FF-5A72471ED6A9}.Debug|x86.Build.0 = Debug|Any CPU
		{78637F1F-1FAA-478F-85FF-5A72471ED6A9}.Release|Any CPU.ActiveCfg = Release|Any CPU
		{78637F1F-1FAA-478F-85FF-5A72471ED6A9}.Release|Any CPU.Build.0 = Release|Any CPU
		{78637F1F-1FAA-478F-85FF-5A72471ED6A9}.Release|x64.ActiveCfg = Release|Any CPU
		{78637F1F-1FAA-478F-85FF-5A72471ED6A9}.Release|x64.Build.0 = Release|Any CPU
		{78637F1F-1FAA-478F-85FF-5A72471ED6A9}.Release|x86.ActiveCfg = Release|Any CPU
		{78637F1F-1FAA-478F-85FF-5A72471ED6A9}.Release|x86.Build.0 = Release|Any CPU
		{A29BC725-1F5C-4C13-B52A-7272548D95B2}.Debug|Any CPU.ActiveCfg = Debug|Any CPU
		{A29BC725-1F5C-4C13-B52A-7272548D95B2}.Debug|Any CPU.Build.0 = Debug|Any CPU
		{A29BC725-1F5C-4C13-B52A-7272548D95B2}.Debug|x64.ActiveCfg = Debug|Any CPU
		{A29BC725-1F5C-4C13-B52A-7272548D95B2}.Debug|x64.Build.0 = Debug|Any CPU
		{A29BC725-1F5C-4C13-B52A-7272548D95B2}.Debug|x86.ActiveCfg = Debug|Any CPU
		{A29BC725-1F5C-4C13-B52A-7272548D95B2}.Debug|x86.Build.0 = Debug|Any CPU
		{A29BC725-1F5C-4C13-B52A-7272548D95B2}.Release|Any CPU.ActiveCfg = Release|Any CPU
		{A29BC725-1F5C-4C13-B52A-7272548D95B2}.Release|Any CPU.Build.0 = Release|Any CPU
		{A29BC725-1F5C-4C13-B52A-7272548D95B2}.Release|x64.ActiveCfg = Release|Any CPU
		{A29BC725-1F5C-4C13-B52A-7272548D95B2}.Release|x64.Build.0 = Release|Any CPU
		{A29BC725-1F5C-4C13-B52A-7272548D95B2}.Release|x86.ActiveCfg = Release|Any CPU
		{A29BC725-1F5C-4C13-B52A-7272548D95B2}.Release|x86.Build.0 = Release|Any CPU
		{35C90181-AB2A-4EA3-ABEC-C6C0DF8792AB}.Debug|Any CPU.ActiveCfg = Debug|Any CPU
		{35C90181-AB2A-4EA3-ABEC-C6C0DF8792AB}.Debug|Any CPU.Build.0 = Debug|Any CPU
		{35C90181-AB2A-4EA3-ABEC-C6C0DF8792AB}.Debug|x64.ActiveCfg = Debug|Any CPU
		{35C90181-AB2A-4EA3-ABEC-C6C0DF8792AB}.Debug|x64.Build.0 = Debug|Any CPU
		{35C90181-AB2A-4EA3-ABEC-C6C0DF8792AB}.Debug|x86.ActiveCfg = Debug|Any CPU
		{35C90181-AB2A-4EA3-ABEC-C6C0DF8792AB}.Debug|x86.Build.0 = Debug|Any CPU
		{35C90181-AB2A-4EA3-ABEC-C6C0DF8792AB}.Release|Any CPU.ActiveCfg = Release|Any CPU
		{35C90181-AB2A-4EA3-ABEC-C6C0DF8792AB}.Release|Any CPU.Build.0 = Release|Any CPU
		{35C90181-AB2A-4EA3-ABEC-C6C0DF8792AB}.Release|x64.ActiveCfg = Release|Any CPU
		{35C90181-AB2A-4EA3-ABEC-C6C0DF8792AB}.Release|x64.Build.0 = Release|Any CPU
		{35C90181-AB2A-4EA3-ABEC-C6C0DF8792AB}.Release|x86.ActiveCfg = Release|Any CPU
		{35C90181-AB2A-4EA3-ABEC-C6C0DF8792AB}.Release|x86.Build.0 = Release|Any CPU
		{37B7FE55-00E4-4527-B70D-A741DEC4F57A}.Debug|Any CPU.ActiveCfg = Debug|Any CPU
		{37B7FE55-00E4-4527-B70D-A741DEC4F57A}.Debug|Any CPU.Build.0 = Debug|Any CPU
		{37B7FE55-00E4-4527-B70D-A741DEC4F57A}.Debug|x64.ActiveCfg = Debug|Any CPU
		{37B7FE55-00E4-4527-B70D-A741DEC4F57A}.Debug|x64.Build.0 = Debug|Any CPU
		{37B7FE55-00E4-4527-B70D-A741DEC4F57A}.Debug|x86.ActiveCfg = Debug|Any CPU
		{37B7FE55-00E4-4527-B70D-A741DEC4F57A}.Debug|x86.Build.0 = Debug|Any CPU
		{37B7FE55-00E4-4527-B70D-A741DEC4F57A}.Release|Any CPU.ActiveCfg = Release|Any CPU
		{37B7FE55-00E4-4527-B70D-A741DEC4F57A}.Release|Any CPU.Build.0 = Release|Any CPU
		{37B7FE55-00E4-4527-B70D-A741DEC4F57A}.Release|x64.ActiveCfg = Release|Any CPU
		{37B7FE55-00E4-4527-B70D-A741DEC4F57A}.Release|x64.Build.0 = Release|Any CPU
		{37B7FE55-00E4-4527-B70D-A741DEC4F57A}.Release|x86.ActiveCfg = Release|Any CPU
		{37B7FE55-00E4-4527-B70D-A741DEC4F57A}.Release|x86.Build.0 = Release|Any CPU
	EndGlobalSection
	GlobalSection(SolutionProperties) = preSolution
		HideSolutionNode = FALSE
	EndGlobalSection
	GlobalSection(NestedProjects) = preSolution
		{BA75AF53-CF4E-08D7-75A7-26BAA4FD6433} = {827E0CD3-B72D-47B6-A68D-7590B98EB39B}
		{C8473B92-2203-476F-A510-49841758D559} = {BA75AF53-CF4E-08D7-75A7-26BAA4FD6433}
		{E292EDC7-8CE0-4A43-89E5-CCABF0D03D91} = {BA75AF53-CF4E-08D7-75A7-26BAA4FD6433}
		{09514986-E236-4066-A229-60DC5EE69262} = {BA75AF53-CF4E-08D7-75A7-26BAA4FD6433}
		{151BC597-20F6-4D29-8498-A81B39D51BFB} = {BA75AF53-CF4E-08D7-75A7-26BAA4FD6433}
		{8BF386B3-D170-4412-87B2-C593A3B334A2} = {BA75AF53-CF4E-08D7-75A7-26BAA4FD6433}
		{4DF80442-A1E5-CC28-AE7B-27B5F9BFE52B} = {827E0CD3-B72D-47B6-A68D-7590B98EB39B}
		{D8CEB803-8634-4845-84BC-37100602A4C3} = {4DF80442-A1E5-CC28-AE7B-27B5F9BFE52B}
		{37D24C4E-E7DB-4946-A2B3-D264E07E71F5} = {4DF80442-A1E5-CC28-AE7B-27B5F9BFE52B}
		{9247FED5-D976-4442-A240-75489C832CA0} = {4DF80442-A1E5-CC28-AE7B-27B5F9BFE52B}
		{8B290487-4C16-E85E-E807-F579CBE9FC4D} = {827E0CD3-B72D-47B6-A68D-7590B98EB39B}
		{225B81A1-77AE-47A6-B682-D0D8EA3C9133} = {8B290487-4C16-E85E-E807-F579CBE9FC4D}
		{52857F50-FE0F-4649-A7BF-6A67D2AD9BCC} = {8B290487-4C16-E85E-E807-F579CBE9FC4D}
		{DA531E31-1273-4FD4-890C-56865FE6AB96} = {8B290487-4C16-E85E-E807-F579CBE9FC4D}
		{22BAF98C-8415-17C4-B26A-D537657BC863} = {827E0CD3-B72D-47B6-A68D-7590B98EB39B}
		{9F03EB26-D5B8-4D62-A3D2-3F5CBC901268} = {22BAF98C-8415-17C4-B26A-D537657BC863}
		{B1CE7E75-DAD8-498D-B900-F951565E109D} = {22BAF98C-8415-17C4-B26A-D537657BC863}
		{7AB55885-A307-42AC-A532-B5318F685216} = {22BAF98C-8415-17C4-B26A-D537657BC863}
		{6DEDDB1A-24C9-4002-B743-B4CA8AF8E717} = {22BAF98C-8415-17C4-B26A-D537657BC863}
		{547E75E0-49BC-27F6-65D6-DF25CFFB661A} = {827E0CD3-B72D-47B6-A68D-7590B98EB39B}
		{556632A5-22EC-4BBD-B4E9-15C4531B37CD} = {547E75E0-49BC-27F6-65D6-DF25CFFB661A}
		{1F1EC791-14D6-4074-89C4-8F5829DDEAE3} = {0AB3BF05-4346-4AA6-1389-037BE0695223}
		{28204A8C-C73A-476A-A32D-21A60D9257DD} = {0AB3BF05-4346-4AA6-1389-037BE0695223}
		{B66B1868-23F7-4AA6-A104-6E81CCE2CFC8} = {0AB3BF05-4346-4AA6-1389-037BE0695223}
		{D524F3CF-BAF9-41D6-B60B-ED3C6D9ECAFB} = {0AB3BF05-4346-4AA6-1389-037BE0695223}
		{051BEA83-3A56-4334-9828-FD7D6FF2F788} = {4DF80442-A1E5-CC28-AE7B-27B5F9BFE52B}
		{784E1A8C-392F-459A-A2C4-C52F38A06445} = {0AB3BF05-4346-4AA6-1389-037BE0695223}
		{047BB9C2-4B83-4C4B-8B12-91A6E436FE5A} = {BA75AF53-CF4E-08D7-75A7-26BAA4FD6433}
		{A8123CAE-FA09-4167-9C66-DF3CFA5F9357} = {BA75AF53-CF4E-08D7-75A7-26BAA4FD6433}
		{78637F1F-1FAA-478F-85FF-5A72471ED6A9} = {BA75AF53-CF4E-08D7-75A7-26BAA4FD6433}
		{A29BC725-1F5C-4C13-B52A-7272548D95B2} = {4DF80442-A1E5-CC28-AE7B-27B5F9BFE52B}
		{35C90181-AB2A-4EA3-ABEC-C6C0DF8792AB} = {4DF80442-A1E5-CC28-AE7B-27B5F9BFE52B}
		{37B7FE55-00E4-4527-B70D-A741DEC4F57A} = {22BAF98C-8415-17C4-B26A-D537657BC863}
	EndGlobalSection
EndGlobal
